lockfileVersion: 5.3

specifiers:
  kill-port: ^2.0.1

devDependencies:
  kill-port: 2.0.1

packages:

  /get-them-args/1.3.2:
    resolution: {integrity: sha512-LRn8Jlk+DwZE4GTlDbT3Hikd1wSHgLMme/+7ddlqKd7ldwR6LjJgTVWzBnR01wnYGe4KgrXjg287RaI22UHmAw==}
    dev: true

  /kill-port/2.0.1:
    resolution: {integrity: sha512-e0SVOV5jFo0mx8r7bS29maVWp17qGqLBZ5ricNSajON6//kmb7qqqNnml4twNE8Dtj97UQD+gNFOaipS/q1zzQ==}
    hasBin: true
    dependencies:
      get-them-args: 1.3.2
      shell-exec: 1.0.2
    dev: true

  /shell-exec/1.0.2:
    resolution: {integrity: sha512-jyVd+kU2X+mWKMmGhx4fpWbPsjvD53k9ivqetutVW/BQ+WIZoDoP4d8vUMGezV6saZsiNoW2f9GIhg9Dondohg==}
    dev: true
